
Microsoft Visual Studio Solution File, Format Version 12.00
# Visual Studio Version 17
VisualStudioVersion = 17.5.002.0
MinimumVisualStudioVersion = 10.0.40219.1
Project("{9A19103F-16F7-4668-BE54-9A1E7A4F7556}") = "Modulo03", "Modulo03\Modulo03.csproj", "{F106F459-AC82-4520-854B-577BBD1F3654}"
EndProject
Global
	GlobalSection(SolutionConfigurationPlatforms) = preSolution
		Debug|Any CPU = Debug|Any CPU
		Release|Any CPU = Release|Any CPU
	EndGlobalSection
	GlobalSection(ProjectConfigurationPlatforms) = postSolution
		{F106F459-AC82-4520-854B-577BBD1F3654}.Debug|Any CPU.ActiveCfg = Debug|Any CPU
		{F106F459-AC82-4520-854B-577BBD1F3654}.Debug|Any CPU.Build.0 = Debug|Any CPU
		{F106F459-AC82-4520-854B-577BBD1F3654}.Release|Any CPU.ActiveCfg = Release|Any CPU
		{F106F459-AC82-4520-854B-577BBD1F3654}.Release|Any CPU.Build.0 = Release|Any CPU
	EndGlobalSection
	GlobalSection(SolutionProperties) = preSolution
		HideSolutionNode = FALSE
	EndGlobalSection
	GlobalSection(ExtensibilityGlobals) = postSolution
		SolutionGuid = {CD1F106E-075D-4268-B901-63DF0E2AC727}
	EndGlobalSection
EndGlobal
